
Microsoft Visual Studio Solution File, Format Version 12.00
# Visual Studio 2012
Project("{8BC9CEB8-8B4A-11D0-8D11-00A0C91BC942}") = "WestWorldWithMessaging", "WestWorldWithMessaging.vcxproj", "{6CA4F23D-702B-4090-B006-0338F1D5A166}"
EndProject
Global
	GlobalSection(SolutionConfigurationPlatforms) = preSolution
		Debug|Win32 = Debug|Win32
		Release|Win32 = Release|Win32
	EndGlobalSection
	GlobalSection(ProjectConfigurationPlatforms) = postSolution
		{6CA4F23D-702B-4090-B006-0338F1D5A166}.Debug|Win32.ActiveCfg = Debug|Win32
		{6CA4F23D-702B-4090-B006-0338F1D5A166}.Debug|Win32.Build.0 = Debug|Win32
		{6CA4F23D-702B-4090-B006-0338F1D5A166}.Release|Win32.ActiveCfg = Release|Win32
		{6CA4F23D-702B-4090-B006-0338F1D5A166}.Release|Win32.Build.0 = Release|Win32
	EndGlobalSection
	GlobalSection(SolutionProperties) = preSolution
		HideSolutionNode = FALSE
	EndGlobalSection
EndGlobal
