<?xml version="1.0" encoding="utf-8"?>
<Project ToolsVersion="4.0" xmlns="http://schemas.microsoft.com/developer/msbuild/2003">
  <ItemGroup>
    <Filter Include="Source Files">
      <UniqueIdentifier>{85771771-b823-442b-9a1d-04ba98db6588}</UniqueIdentifier>
      <Extensions>cpp;c;cxx;rc;def;r;odl;idl;hpj;bat</Extensions>
    </Filter>
    <Filter Include="Header Files">
      <UniqueIdentifier>{03c05afd-7aa1-4974-814c-b99741b3addd}</UniqueIdentifier>
      <Extensions>h;hpp;hxx;hm;inl</Extensions>
    </Filter>
    <Filter Include="misc">
      <UniqueIdentifier>{e68bf4f7-f2ac-4dba-9df8-e542a3e97bbc}</UniqueIdentifier>
    </Filter>
    <Filter Include="Resource Files">
      <UniqueIdentifier>{60bfe41c-316c-4faa-9d55-48fa2a6a68f0}</UniqueIdentifier>
      <Extensions>ico;cur;bmp;dlg;rc2;rct;bin;rgs;gif;jpg;jpeg;jpe</Extensions>
    </Filter>
  </ItemGroup>
  <ItemGroup>
    <ClCompile Include="BaseGameEntity.cpp">
      <Filter>Source Files</Filter>
    </ClCompile>
    <ClCompile Include="EntityManager.cpp">
      <Filter>Source Files</Filter>
    </ClCompile>
    <ClCompile Include="main.cpp">
      <Filter>Source Files</Filter>
    </ClCompile>
    <ClCompile Include="MessageDispatcher.cpp">
      <Filter>Source Files</Filter>
    </ClCompile>
    <ClCompile Include="Miner.cpp">
      <Filter>Source Files</Filter>
    </ClCompile>
    <ClCompile Include="MinerOwnedStates.cpp">
      <Filter>Source Files</Filter>
    </ClCompile>
    <ClCompile Include="MinersWife.cpp">
      <Filter>Source Files</Filter>
    </ClCompile>
    <ClCompile Include="MinersWifeOwnedStates.cpp">
      <Filter>Source Files</Filter>
    </ClCompile>
    <ClCompile Include="..\..\Common\Time\CrudeTimer.cpp">
      <Filter>misc</Filter>
    </ClCompile>
    <ClCompile Include="Banker.cpp">
      <Filter>Source Files</Filter>
    </ClCompile>
    <ClCompile Include="BankerOwnedStates.cpp">
      <Filter>Source Files</Filter>
    </ClCompile>
  </ItemGroup>
  <ItemGroup>
    <ClInclude Include="BaseGameEntity.h">
      <Filter>Header Files</Filter>
    </ClInclude>
    <ClInclude Include="EntityManager.h">
      <Filter>Header Files</Filter>
    </ClInclude>
    <ClInclude Include="EntityNames.h">
      <Filter>Header Files</Filter>
    </ClInclude>
    <ClInclude Include="Locations.h">
      <Filter>Header Files</Filter>
    </ClInclude>
    <ClInclude Include="MessageDispatcher.h">
      <Filter>Header Files</Filter>
    </ClInclude>
    <ClInclude Include="MessageTypes.h">
      <Filter>Header Files</Filter>
    </ClInclude>
    <ClInclude Include="Miner.h">
      <Filter>Header Files</Filter>
    </ClInclude>
    <ClInclude Include="MinerOwnedStates.h">
      <Filter>Header Files</Filter>
    </ClInclude>
    <ClInclude Include="MinersWife.h">
      <Filter>Header Files</Filter>
    </ClInclude>
    <ClInclude Include="MinersWifeOwnedStates.h">
      <Filter>Header Files</Filter>
    </ClInclude>
    <ClInclude Include="..\..\Common\FSM\State.h">
      <Filter>Header Files</Filter>
    </ClInclude>
    <ClInclude Include="..\..\Common\FSM\StateMachine.h">
      <Filter>Header Files</Filter>
    </ClInclude>
    <ClInclude Include="..\..\Common\Messaging\Telegram.h">
      <Filter>Header Files</Filter>
    </ClInclude>
    <ClInclude Include="..\..\Common\ConsoleUtils.h">
      <Filter>misc</Filter>
    </ClInclude>
    <ClInclude Include="..\..\Common\misc\ConsoleUtils.h">
      <Filter>misc</Filter>
    </ClInclude>
    <ClInclude Include="..\..\Common\Time\CrudeTimer.h">
      <Filter>misc</Filter>
    </ClInclude>
    <ClInclude Include="..\..\Common\2D\SVector2D.h">
      <Filter>misc</Filter>
    </ClInclude>
    <ClInclude Include="..\..\Common\misc\utils.h">
      <Filter>misc</Filter>
    </ClInclude>
    <ClInclude Include="..\..\Common\utils.h">
      <Filter>misc</Filter>
    </ClInclude>
    <ClInclude Include="Banker.h">
      <Filter>Header Files</Filter>
    </ClInclude>
    <ClInclude Include="BankerOwnedStates.h">
      <Filter>Header Files</Filter>
    </ClInclude>
  </ItemGroup>
</Project>